
Microsoft Visual Studio Solution File, Format Version 12.00
# Visual Studio Version 16
VisualStudioVersion = 16.0.30611.23
MinimumVisualStudioVersion = 10.0.40219.1
Project("{FAE04EC0-301F-11D3-BF4B-00C04F79EFBC}") = "Assyment", "Assyment\Assyment.csproj", "{C9D2BB54-0807-4E31-AD3F-BE0421087FBE}"
EndProject
Global
	GlobalSection(SolutionConfigurationPlatforms) = preSolution
		Debug|Any CPU = Debug|Any CPU
		Release|Any CPU = Release|Any CPU
	EndGlobalSection
	GlobalSection(ProjectConfigurationPlatforms) = postSolution
		{C9D2BB54-0807-4E31-AD3F-BE0421087FBE}.Debug|Any CPU.ActiveCfg = Debug|Any CPU
		{C9D2BB54-0807-4E31-AD3F-BE0421087FBE}.Debug|Any CPU.Build.0 = Debug|Any CPU
		{C9D2BB54-0807-4E31-AD3F-BE0421087FBE}.Release|Any CPU.ActiveCfg = Release|Any CPU
		{C9D2BB54-0807-4E31-AD3F-BE0421087FBE}.Release|Any CPU.Build.0 = Release|Any CPU
	EndGlobalSection
	GlobalSection(SolutionProperties) = preSolution
		HideSolutionNode = FALSE
	EndGlobalSection
	GlobalSection(ExtensibilityGlobals) = postSolution
		SolutionGuid = {59ABBD3F-7BD4-4D7C-A03F-FEF5A5B680B0}
	EndGlobalSection
EndGlobal
